{
  "originHash" : "a3a413686db14a6410574488759529a2c145634f6d87ff6c623cc5972e263837",
  "pins" : [
    {
      "identity" : "swift-argument-parser",
      "kind" : "remoteSourceControl",
      "location" : "https://github.com/apple/swift-argument-parser.git",
      "state" : {
        "revision" : "6a52f3251125d74daf04fcbd5e6f08a75d074382",
        "version" : "1.8.2"
      }
    },
    {
      "identity" : "whisperkit",
      "kind" : "remoteSourceControl",
      "location" : "https://github.com/argmaxinc/WhisperKit.git",
      "state" : {
        "revision" : "1e2a163736dfa5a198e637ae44c114e1c6d5cc2d",
        "version" : "1.1.0"
      }
    }
  ],
  "version" : 3
}
