// !$*UTF8*$!
{
	archiveVersion = 1;
	classes = {
	};
	objectVersion = 46;
	objects = {

/* Begin PBXBuildFile section */
		11279BE29003C9F82AD6C542 /* FCPCaptionUI in Frameworks */ = {isa = PBXBuildFile; productRef = 1F71A28F47546E646A9CA411 /* FCPCaptionUI */; };
		3F9182DDBDCB5D1450372F78 /* FCPCaptionApp.swift in Sources */ = {isa = PBXBuildFile; fileRef = 7DE3A8FE3272D7FD3B61B339 /* FCPCaptionApp.swift */; };
		4B486581FF65ED599BD3FD29 /* FCPCaptionUI in Frameworks */ = {isa = PBXBuildFile; productRef = 4C310AB5310C050E2C22E697 /* FCPCaptionUI */; };
		5CAC533F5C7667692E83BF52 /* FCPCaptionExtension.appex in Embed Foundation Extensions */ = {isa = PBXBuildFile; fileRef = 7B16B785995D83724F043324 /* FCPCaptionExtension.appex */; settings = {ATTRIBUTES = (RemoveHeadersOnCopy, ); }; };
		7C7B6E3F31D430A44C35801B /* FinalCutPro.swift in Sources */ = {isa = PBXBuildFile; fileRef = EA232FF102F7E7EBD0223900 /* FinalCutPro.swift */; };
		90D69E25739CB2E6D3B152B1 /* CaptionDropView.swift in Sources */ = {isa = PBXBuildFile; fileRef = C405C10B01907344FDF78F5F /* CaptionDropView.swift */; };
		956689E67A4781E159C50B1E /* FCPCaptionCore in Frameworks */ = {isa = PBXBuildFile; productRef = F451823748E4FDB7BC821F9B /* FCPCaptionCore */; };
		A516ECA38C94C40CDBED9C0B /* FCPCaptionCore in Frameworks */ = {isa = PBXBuildFile; productRef = 0121EF59E7F01CA8E2FD29BB /* FCPCaptionCore */; };
		AB6EB02451A7E012203F8AD9 /* Cocoa.framework in Frameworks */ = {isa = PBXBuildFile; fileRef = 15F2E17FA83E4571B781C815 /* Cocoa.framework */; };
		AB72DE646E434C8DBCE54BD3 /* Cocoa.framework in Frameworks */ = {isa = PBXBuildFile; fileRef = 15F2E17FA83E4571B781C815 /* Cocoa.framework */; };
		F8A7FFB3443761279D1B23C2 /* FCPCaptionExtensionViewController.swift in Sources */ = {isa = PBXBuildFile; fileRef = 1B9D23C343A057A8F33E3312 /* FCPCaptionExtensionViewController.swift */; };
/* End PBXBuildFile section */

/* Begin PBXContainerItemProxy section */
		DF9AAE0DE25DAB51B74357F2 /* PBXContainerItemProxy */ = {
			isa = PBXContainerItemProxy;
			containerPortal = DB8E26D69EF399659B20CE85 /* Project object */;
			proxyType = 1;
			remoteGlobalIDString = 0D889D83B38C702D91718FBA;
			remoteInfo = FCPCaptionExtension;
		};
/* End PBXContainerItemProxy section */

/* Begin PBXCopyFilesBuildPhase section */
		44C3652979FA15A56484442B /* Embed Foundation Extensions */ = {
			isa = PBXCopyFilesBuildPhase;
			buildActionMask = 2147483647;
			dstPath = "";
			dstSubfolderSpec = 13;
			files = (
				5CAC533F5C7667692E83BF52 /* FCPCaptionExtension.appex in Embed Foundation Extensions */,
			);
			name = "Embed Foundation Extensions";
			runOnlyForDeploymentPostprocessing = 0;
		};
/* End PBXCopyFilesBuildPhase section */

/* Begin PBXFileReference section */
		01F1DB77D26D03681DEF7CFF /* FCPCaption.app */ = {isa = PBXFileReference; explicitFileType = wrapper.application; includeInIndex = 0; path = FCPCaption.app; sourceTree = BUILT_PRODUCTS_DIR; };
		15F2E17FA83E4571B781C815 /* Cocoa.framework */ = {isa = PBXFileReference; lastKnownFileType = wrapper.framework; name = Cocoa.framework; path = Platforms/MacOSX.platform/Developer/SDKs/MacOSX15.0.sdk/System/Library/Frameworks/Cocoa.framework; sourceTree = DEVELOPER_DIR; };
		1B9D23C343A057A8F33E3312 /* FCPCaptionExtensionViewController.swift */ = {isa = PBXFileReference; includeInIndex = 1; lastKnownFileType = sourcecode.swift; path = FCPCaptionExtensionViewController.swift; sourceTree = "<group>"; };
		7B16B785995D83724F043324 /* FCPCaptionExtension.appex */ = {isa = PBXFileReference; explicitFileType = "wrapper.app-extension"; includeInIndex = 0; path = FCPCaptionExtension.appex; sourceTree = BUILT_PRODUCTS_DIR; };
		7DE3A8FE3272D7FD3B61B339 /* FCPCaptionApp.swift */ = {isa = PBXFileReference; includeInIndex = 1; lastKnownFileType = sourcecode.swift; path = FCPCaptionApp.swift; sourceTree = "<group>"; };
		C405C10B01907344FDF78F5F /* CaptionDropView.swift */ = {isa = PBXFileReference; includeInIndex = 1; lastKnownFileType = sourcecode.swift; path = CaptionDropView.swift; sourceTree = "<group>"; };
		EA232FF102F7E7EBD0223900 /* FinalCutPro.swift */ = {isa = PBXFileReference; includeInIndex = 1; lastKnownFileType = sourcecode.swift; path = FinalCutPro.swift; sourceTree = "<group>"; };
/* End PBXFileReference section */

/* Begin PBXFrameworksBuildPhase section */
		63DA65AEB4EC1E47ABCEA996 /* Frameworks */ = {
			isa = PBXFrameworksBuildPhase;
			buildActionMask = 2147483647;
			files = (
				AB6EB02451A7E012203F8AD9 /* Cocoa.framework in Frameworks */,
				A516ECA38C94C40CDBED9C0B /* FCPCaptionCore in Frameworks */,
				11279BE29003C9F82AD6C542 /* FCPCaptionUI in Frameworks */,
			);
			runOnlyForDeploymentPostprocessing = 0;
		};
		8B32E948A1431B3A00440330 /* Frameworks */ = {
			isa = PBXFrameworksBuildPhase;
			buildActionMask = 2147483647;
			files = (
				AB72DE646E434C8DBCE54BD3 /* Cocoa.framework in Frameworks */,
				956689E67A4781E159C50B1E /* FCPCaptionCore in Frameworks */,
				4B486581FF65ED599BD3FD29 /* FCPCaptionUI in Frameworks */,
			);
			runOnlyForDeploymentPostprocessing = 0;
		};
/* End PBXFrameworksBuildPhase section */

/* Begin PBXGroup section */
		038621E26B23A65405850F7B /* Frameworks */ = {
			isa = PBXGroup;
			children = (
				C933EA9D7CB26D02A6C089A9 /* OS X */,
			);
			name = Frameworks;
			sourceTree = "<group>";
		};
		1F69E8A32795A891A8B9E029 /* Products */ = {
			isa = PBXGroup;
			children = (
				01F1DB77D26D03681DEF7CFF /* FCPCaption.app */,
				7B16B785995D83724F043324 /* FCPCaptionExtension.appex */,
			);
			name = Products;
			sourceTree = "<group>";
		};
		28141486E402C3D840156423 /* FCPCaption */ = {
			isa = PBXGroup;
			children = (
				7DE3A8FE3272D7FD3B61B339 /* FCPCaptionApp.swift */,
			);
			name = FCPCaption;
			path = FCPCaption;
			sourceTree = "<group>";
		};
		5BC8D015427A8117DE51472F /* FCPCaptionExtension */ = {
			isa = PBXGroup;
			children = (
				1B9D23C343A057A8F33E3312 /* FCPCaptionExtensionViewController.swift */,
				C405C10B01907344FDF78F5F /* CaptionDropView.swift */,
				EA232FF102F7E7EBD0223900 /* FinalCutPro.swift */,
			);
			name = FCPCaptionExtension;
			path = FCPCaptionExtension;
			sourceTree = "<group>";
		};
		86B2BA32928219B993C846F7 = {
			isa = PBXGroup;
			children = (
				1F69E8A32795A891A8B9E029 /* Products */,
				038621E26B23A65405850F7B /* Frameworks */,
				28141486E402C3D840156423 /* FCPCaption */,
				5BC8D015427A8117DE51472F /* FCPCaptionExtension */,
			);
			sourceTree = "<group>";
		};
		C933EA9D7CB26D02A6C089A9 /* OS X */ = {
			isa = PBXGroup;
			children = (
				15F2E17FA83E4571B781C815 /* Cocoa.framework */,
			);
			name = "OS X";
			sourceTree = "<group>";
		};
/* End PBXGroup section */

/* Begin PBXNativeTarget section */
		0D889D83B38C702D91718FBA /* FCPCaptionExtension */ = {
			isa = PBXNativeTarget;
			buildConfigurationList = 4F62B5F480D56DA61F1EC298 /* Build configuration list for PBXNativeTarget "FCPCaptionExtension" */;
			buildPhases = (
				F0ED14D0ED191CD757D408D5 /* Sources */,
				8B32E948A1431B3A00440330 /* Frameworks */,
				79951B8C7D991654B45944D9 /* Resources */,
			);
			buildRules = (
			);
			dependencies = (
			);
			name = FCPCaptionExtension;
			packageProductDependencies = (
				F451823748E4FDB7BC821F9B /* FCPCaptionCore */,
				4C310AB5310C050E2C22E697 /* FCPCaptionUI */,
			);
			productName = FCPCaptionExtension;
			productReference = 7B16B785995D83724F043324 /* FCPCaptionExtension.appex */;
			productType = "com.apple.product-type.app-extension";
		};
		6599E34A14E21881CF2D9AEC /* FCPCaption */ = {
			isa = PBXNativeTarget;
			buildConfigurationList = CB1CC352F416DD6F579F2FD3 /* Build configuration list for PBXNativeTarget "FCPCaption" */;
			buildPhases = (
				6570E1F6BE6D6C26D789C85C /* Sources */,
				63DA65AEB4EC1E47ABCEA996 /* Frameworks */,
				0B8A46BBA163C8CA046AD029 /* Resources */,
				44C3652979FA15A56484442B /* Embed Foundation Extensions */,
			);
			buildRules = (
			);
			dependencies = (
				8C94C363D7EB0C2B719216A0 /* PBXTargetDependency */,
			);
			name = FCPCaption;
			packageProductDependencies = (
				0121EF59E7F01CA8E2FD29BB /* FCPCaptionCore */,
				1F71A28F47546E646A9CA411 /* FCPCaptionUI */,
			);
			productName = FCPCaption;
			productReference = 01F1DB77D26D03681DEF7CFF /* FCPCaption.app */;
			productType = "com.apple.product-type.application";
		};
/* End PBXNativeTarget section */

/* Begin PBXProject section */
		DB8E26D69EF399659B20CE85 /* Project object */ = {
			isa = PBXProject;
			attributes = {
				LastSwiftUpdateCheck = 1600;
				LastUpgradeCheck = 1600;
			};
			buildConfigurationList = 8F02827D2EE11D7B57BAE05C /* Build configuration list for PBXProject "FCPCaption" */;
			compatibilityVersion = "Xcode 3.2";
			developmentRegion = en;
			hasScannedForEncodings = 0;
			knownRegions = (
				en,
				Base,
			);
			mainGroup = 86B2BA32928219B993C846F7;
			minimizedProjectReferenceProxies = 0;
			packageReferences = (
				D53DA720E4941D89E13EB5FE /* XCLocalSwiftPackageReference "FCPCaptionCore" */,
			);
			preferredProjectObjectVersion = 77;
			productRefGroup = 1F69E8A32795A891A8B9E029 /* Products */;
			projectDirPath = "";
			projectRoot = "";
			targets = (
				6599E34A14E21881CF2D9AEC /* FCPCaption */,
				0D889D83B38C702D91718FBA /* FCPCaptionExtension */,
			);
		};
/* End PBXProject section */

/* Begin PBXResourcesBuildPhase section */
		0B8A46BBA163C8CA046AD029 /* Resources */ = {
			isa = PBXResourcesBuildPhase;
			buildActionMask = 2147483647;
			files = (
			);
			runOnlyForDeploymentPostprocessing = 0;
		};
		79951B8C7D991654B45944D9 /* Resources */ = {
			isa = PBXResourcesBuildPhase;
			buildActionMask = 2147483647;
			files = (
			);
			runOnlyForDeploymentPostprocessing = 0;
		};
/* End PBXResourcesBuildPhase section */

/* Begin PBXSourcesBuildPhase section */
		6570E1F6BE6D6C26D789C85C /* Sources */ = {
			isa = PBXSourcesBuildPhase;
			buildActionMask = 2147483647;
			files = (
				3F9182DDBDCB5D1450372F78 /* FCPCaptionApp.swift in Sources */,
			);
			runOnlyForDeploymentPostprocessing = 0;
		};
		F0ED14D0ED191CD757D408D5 /* Sources */ = {
			isa = PBXSourcesBuildPhase;
			buildActionMask = 2147483647;
			files = (
				F8A7FFB3443761279D1B23C2 /* FCPCaptionExtensionViewController.swift in Sources */,
				90D69E25739CB2E6D3B152B1 /* CaptionDropView.swift in Sources */,
				7C7B6E3F31D430A44C35801B /* FinalCutPro.swift in Sources */,
			);
			runOnlyForDeploymentPostprocessing = 0;
		};
/* End PBXSourcesBuildPhase section */

/* Begin PBXTargetDependency section */
		8C94C363D7EB0C2B719216A0 /* PBXTargetDependency */ = {
			isa = PBXTargetDependency;
			name = FCPCaptionExtension;
			target = 0D889D83B38C702D91718FBA /* FCPCaptionExtension */;
			targetProxy = DF9AAE0DE25DAB51B74357F2 /* PBXContainerItemProxy */;
		};
/* End PBXTargetDependency section */

/* Begin XCBuildConfiguration section */
		1019DC644A73D89C09FE4B88 /* Debug */ = {
			isa = XCBuildConfiguration;
			buildSettings = {
				ASSETCATALOG_COMPILER_APPICON_NAME = AppIcon;
				ASSETCATALOG_COMPILER_GLOBAL_ACCENT_COLOR_NAME = AccentColor;
				CODE_SIGN_ENTITLEMENTS = FCPCaption/FCPCaption.entitlements;
				COMBINE_HIDPI_IMAGES = YES;
				CURRENT_PROJECT_VERSION = 1;
				ENABLE_APP_SANDBOX = YES;
				INFOPLIST_FILE = FCPCaption/Info.plist;
				LD_RUNPATH_SEARCH_PATHS = "$(inherited) @executable_path/../Frameworks";
				MACOSX_DEPLOYMENT_TARGET = 15.0;
				MARKETING_VERSION = 0.1.0;
				PRODUCT_BUNDLE_IDENTIFIER = com.jkh911208.FCPCaption;
				PRODUCT_NAME = FCPCaption;
				SDKROOT = macosx;
			};
			name = Debug;
		};
		29D6DBA2E138A03078D946D3 /* Release */ = {
			isa = XCBuildConfiguration;
			buildSettings = {
				ADDITIONAL_SDKS = /Library/Developer/SDKs/WorkflowExtensionSDK.sdk;
				CODE_SIGN_ENTITLEMENTS = FCPCaptionExtension/FCPCaptionExtension.entitlements;
				COMBINE_HIDPI_IMAGES = YES;
				CURRENT_PROJECT_VERSION = 1;
				ENABLE_DEBUG_DYLIB = NO;
				FRAMEWORK_SEARCH_PATHS = (
					/Library/Frameworks,
					"$(inherited)",
				);
				HEADER_SEARCH_PATHS = (
					/usr/include,
					"$(inherited)",
				);
				INFOPLIST_FILE = FCPCaptionExtension/Info.plist;
				LD_ENTRY_POINT = _ProExtensionMain;
				LD_RUNPATH_SEARCH_PATHS = "$(inherited) @executable_path/../Frameworks @executable_path/../../../../Frameworks";
				LIBRARY_SEARCH_PATHS = (
					/usr/lib,
					"$(inherited)",
				);
				MACH_O_TYPE = mh_execute;
				MACOSX_DEPLOYMENT_TARGET = 15.0;
				MARKETING_VERSION = 0.1.0;
				OTHER_LDFLAGS = (
					"-fapplication-extension",
					"-lProExtension",
				);
				PRODUCT_BUNDLE_IDENTIFIER = com.jkh911208.FCPCaption.Extension;
				PRODUCT_NAME = FCPCaptionExtension;
				SDKROOT = macosx;
				SWIFT_OBJC_BRIDGING_HEADER = "FCPCaptionExtension/FCPCaptionExtension-Bridging-Header.h";
				SWIFT_VERSION = 5.0;
				WRAPPER_EXTENSION = appex;
			};
			name = Release;
		};
		36A733B6B44B60A8841B0BB7 /* Debug */ = {
			isa = XCBuildConfiguration;
			buildSettings = {
				ALWAYS_SEARCH_USER_PATHS = NO;
				ARCHS = arm64;
				CLANG_ANALYZER_NONNULL = YES;
				CLANG_ANALYZER_NUMBER_OBJECT_CONVERSION = YES_AGGRESSIVE;
				CLANG_CXX_LANGUAGE_STANDARD = "gnu++14";
				CLANG_CXX_LIBRARY = "libc++";
				CLANG_ENABLE_MODULES = YES;
				CLANG_ENABLE_OBJC_ARC = YES;
				CLANG_ENABLE_OBJC_WEAK = YES;
				CLANG_WARN_BLOCK_CAPTURE_AUTORELEASING = YES;
				CLANG_WARN_BOOL_CONVERSION = YES;
				CLANG_WARN_COMMA = YES;
				CLANG_WARN_CONSTANT_CONVERSION = YES;
				CLANG_WARN_DEPRECATED_OBJC_IMPLEMENTATIONS = YES;
				CLANG_WARN_DIRECT_OBJC_ISA_USAGE = YES_ERROR;
				CLANG_WARN_DOCUMENTATION_COMMENTS = YES;
				CLANG_WARN_EMPTY_BODY = YES;
				CLANG_WARN_ENUM_CONVERSION = YES;
				CLANG_WARN_INFINITE_RECURSION = YES;
				CLANG_WARN_INT_CONVERSION = YES;
				CLANG_WARN_NON_LITERAL_NULL_CONVERSION = YES;
				CLANG_WARN_OBJC_IMPLICIT_RETAIN_SELF = YES;
				CLANG_WARN_OBJC_LITERAL_CONVERSION = YES;
				CLANG_WARN_OBJC_ROOT_CLASS = YES_ERROR;
				CLANG_WARN_QUOTED_INCLUDE_IN_FRAMEWORK_HEADER = YES;
				CLANG_WARN_RANGE_LOOP_ANALYSIS = YES;
				CLANG_WARN_STRICT_PROTOTYPES = YES;
				CLANG_WARN_SUSPICIOUS_MOVE = YES;
				CLANG_WARN_UNGUARDED_AVAILABILITY = YES_AGGRESSIVE;
				CLANG_WARN_UNREACHABLE_CODE = YES;
				CLANG_WARN__DUPLICATE_METHOD_MATCH = YES;
				CODE_SIGN_IDENTITY = "-";
				CODE_SIGN_STYLE = Manual;
				COPY_PHASE_STRIP = NO;
				DEBUG_INFORMATION_FORMAT = dwarf;
				DEVELOPMENT_TEAM = "";
				ENABLE_HARDENED_RUNTIME = YES;
				ENABLE_STRICT_OBJC_MSGSEND = YES;
				ENABLE_TESTABILITY = YES;
				EXCLUDED_ARCHS = x86_64;
				GCC_C_LANGUAGE_STANDARD = gnu11;
				GCC_DYNAMIC_NO_PIC = NO;
				GCC_NO_COMMON_BLOCKS = YES;
				GCC_OPTIMIZATION_LEVEL = 0;
				GCC_PREPROCESSOR_DEFINITIONS = (
					"DEBUG=1",
					"$(inherited)",
				);
				GCC_WARN_64_TO_32_BIT_CONVERSION = YES;
				GCC_WARN_ABOUT_RETURN_TYPE = YES_ERROR;
				GCC_WARN_UNDECLARED_SELECTOR = YES;
				GCC_WARN_UNINITIALIZED_AUTOS = YES_AGGRESSIVE;
				GCC_WARN_UNUSED_FUNCTION = YES;
				GCC_WARN_UNUSED_VARIABLE = YES;
				MACOSX_DEPLOYMENT_TARGET = 15.0;
				MTL_ENABLE_DEBUG_INFO = INCLUDE_SOURCE;
				MTL_FAST_MATH = YES;
				ONLY_ACTIVE_ARCH = YES;
				PRODUCT_NAME = "$(TARGET_NAME)";
				PROVISIONING_PROFILE_SPECIFIER = "";
				SDKROOT = macosx;
				SWIFT_ACTIVE_COMPILATION_CONDITIONS = DEBUG;
				SWIFT_EMIT_LOC_STRINGS = YES;
				SWIFT_OPTIMIZATION_LEVEL = "-Onone";
				SWIFT_VERSION = 6.0;
			};
			name = Debug;
		};
		5FAF9321616FDE897ECFD69D /* Release */ = {
			isa = XCBuildConfiguration;
			buildSettings = {
				ALWAYS_SEARCH_USER_PATHS = NO;
				ARCHS = arm64;
				CLANG_ANALYZER_NONNULL = YES;
				CLANG_ANALYZER_NUMBER_OBJECT_CONVERSION = YES_AGGRESSIVE;
				CLANG_CXX_LANGUAGE_STANDARD = "gnu++14";
				CLANG_CXX_LIBRARY = "libc++";
				CLANG_ENABLE_MODULES = YES;
				CLANG_ENABLE_OBJC_ARC = YES;
				CLANG_ENABLE_OBJC_WEAK = YES;
				CLANG_WARN_BLOCK_CAPTURE_AUTORELEASING = YES;
				CLANG_WARN_BOOL_CONVERSION = YES;
				CLANG_WARN_COMMA = YES;
				CLANG_WARN_CONSTANT_CONVERSION = YES;
				CLANG_WARN_DEPRECATED_OBJC_IMPLEMENTATIONS = YES;
				CLANG_WARN_DIRECT_OBJC_ISA_USAGE = YES_ERROR;
				CLANG_WARN_DOCUMENTATION_COMMENTS = YES;
				CLANG_WARN_EMPTY_BODY = YES;
				CLANG_WARN_ENUM_CONVERSION = YES;
				CLANG_WARN_INFINITE_RECURSION = YES;
				CLANG_WARN_INT_CONVERSION = YES;
				CLANG_WARN_NON_LITERAL_NULL_CONVERSION = YES;
				CLANG_WARN_OBJC_IMPLICIT_RETAIN_SELF = YES;
				CLANG_WARN_OBJC_LITERAL_CONVERSION = YES;
				CLANG_WARN_OBJC_ROOT_CLASS = YES_ERROR;
				CLANG_WARN_QUOTED_INCLUDE_IN_FRAMEWORK_HEADER = YES;
				CLANG_WARN_RANGE_LOOP_ANALYSIS = YES;
				CLANG_WARN_STRICT_PROTOTYPES = YES;
				CLANG_WARN_SUSPICIOUS_MOVE = YES;
				CLANG_WARN_UNGUARDED_AVAILABILITY = YES_AGGRESSIVE;
				CLANG_WARN_UNREACHABLE_CODE = YES;
				CLANG_WARN__DUPLICATE_METHOD_MATCH = YES;
				CODE_SIGN_IDENTITY = "-";
				CODE_SIGN_STYLE = Manual;
				COPY_PHASE_STRIP = NO;
				DEBUG_INFORMATION_FORMAT = "dwarf-with-dsym";
				DEVELOPMENT_TEAM = "";
				ENABLE_HARDENED_RUNTIME = YES;
				ENABLE_NS_ASSERTIONS = NO;
				ENABLE_STRICT_OBJC_MSGSEND = YES;
				EXCLUDED_ARCHS = x86_64;
				GCC_C_LANGUAGE_STANDARD = gnu11;
				GCC_NO_COMMON_BLOCKS = YES;
				GCC_WARN_64_TO_32_BIT_CONVERSION = YES;
				GCC_WARN_ABOUT_RETURN_TYPE = YES_ERROR;
				GCC_WARN_UNDECLARED_SELECTOR = YES;
				GCC_WARN_UNINITIALIZED_AUTOS = YES_AGGRESSIVE;
				GCC_WARN_UNUSED_FUNCTION = YES;
				GCC_WARN_UNUSED_VARIABLE = YES;
				MACOSX_DEPLOYMENT_TARGET = 15.0;
				MTL_ENABLE_DEBUG_INFO = NO;
				MTL_FAST_MATH = YES;
				ONLY_ACTIVE_ARCH = NO;
				PRODUCT_NAME = "$(TARGET_NAME)";
				PROVISIONING_PROFILE_SPECIFIER = "";
				SDKROOT = macosx;
				SWIFT_COMPILATION_MODE = wholemodule;
				SWIFT_EMIT_LOC_STRINGS = YES;
				SWIFT_OPTIMIZATION_LEVEL = "-O";
				SWIFT_VERSION = 6.0;
			};
			name = Release;
		};
		B575D7AA751DC9985310CB82 /* Debug */ = {
			isa = XCBuildConfiguration;
			buildSettings = {
				ADDITIONAL_SDKS = /Library/Developer/SDKs/WorkflowExtensionSDK.sdk;
				CODE_SIGN_ENTITLEMENTS = FCPCaptionExtension/FCPCaptionExtension.entitlements;
				COMBINE_HIDPI_IMAGES = YES;
				CURRENT_PROJECT_VERSION = 1;
				ENABLE_DEBUG_DYLIB = NO;
				FRAMEWORK_SEARCH_PATHS = (
					/Library/Frameworks,
					"$(inherited)",
				);
				HEADER_SEARCH_PATHS = (
					/usr/include,
					"$(inherited)",
				);
				INFOPLIST_FILE = FCPCaptionExtension/Info.plist;
				LD_ENTRY_POINT = _ProExtensionMain;
				LD_RUNPATH_SEARCH_PATHS = "$(inherited) @executable_path/../Frameworks @executable_path/../../../../Frameworks";
				LIBRARY_SEARCH_PATHS = (
					/usr/lib,
					"$(inherited)",
				);
				MACH_O_TYPE = mh_execute;
				MACOSX_DEPLOYMENT_TARGET = 15.0;
				MARKETING_VERSION = 0.1.0;
				OTHER_LDFLAGS = (
					"-fapplication-extension",
					"-lProExtension",
				);
				PRODUCT_BUNDLE_IDENTIFIER = com.jkh911208.FCPCaption.Extension;
				PRODUCT_NAME = FCPCaptionExtension;
				SDKROOT = macosx;
				SWIFT_OBJC_BRIDGING_HEADER = "FCPCaptionExtension/FCPCaptionExtension-Bridging-Header.h";
				SWIFT_VERSION = 5.0;
				WRAPPER_EXTENSION = appex;
			};
			name = Debug;
		};
		E5BE5382B90838DF450902AF /* Release */ = {
			isa = XCBuildConfiguration;
			buildSettings = {
				ASSETCATALOG_COMPILER_APPICON_NAME = AppIcon;
				ASSETCATALOG_COMPILER_GLOBAL_ACCENT_COLOR_NAME = AccentColor;
				CODE_SIGN_ENTITLEMENTS = FCPCaption/FCPCaption.entitlements;
				COMBINE_HIDPI_IMAGES = YES;
				CURRENT_PROJECT_VERSION = 1;
				ENABLE_APP_SANDBOX = YES;
				INFOPLIST_FILE = FCPCaption/Info.plist;
				LD_RUNPATH_SEARCH_PATHS = "$(inherited) @executable_path/../Frameworks";
				MACOSX_DEPLOYMENT_TARGET = 15.0;
				MARKETING_VERSION = 0.1.0;
				PRODUCT_BUNDLE_IDENTIFIER = com.jkh911208.FCPCaption;
				PRODUCT_NAME = FCPCaption;
				SDKROOT = macosx;
			};
			name = Release;
		};
/* End XCBuildConfiguration section */

/* Begin XCConfigurationList section */
		4F62B5F480D56DA61F1EC298 /* Build configuration list for PBXNativeTarget "FCPCaptionExtension" */ = {
			isa = XCConfigurationList;
			buildConfigurations = (
				29D6DBA2E138A03078D946D3 /* Release */,
				B575D7AA751DC9985310CB82 /* Debug */,
			);
			defaultConfigurationIsVisible = 0;
			defaultConfigurationName = Release;
		};
		8F02827D2EE11D7B57BAE05C /* Build configuration list for PBXProject "FCPCaption" */ = {
			isa = XCConfigurationList;
			buildConfigurations = (
				36A733B6B44B60A8841B0BB7 /* Debug */,
				5FAF9321616FDE897ECFD69D /* Release */,
			);
			defaultConfigurationIsVisible = 0;
			defaultConfigurationName = Release;
		};
		CB1CC352F416DD6F579F2FD3 /* Build configuration list for PBXNativeTarget "FCPCaption" */ = {
			isa = XCConfigurationList;
			buildConfigurations = (
				E5BE5382B90838DF450902AF /* Release */,
				1019DC644A73D89C09FE4B88 /* Debug */,
			);
			defaultConfigurationIsVisible = 0;
			defaultConfigurationName = Release;
		};
/* End XCConfigurationList section */

/* Begin XCLocalSwiftPackageReference section */
		D53DA720E4941D89E13EB5FE /* XCLocalSwiftPackageReference "FCPCaptionCore" */ = {
			isa = XCLocalSwiftPackageReference;
			relativePath = FCPCaptionCore;
		};
/* End XCLocalSwiftPackageReference section */

/* Begin XCSwiftPackageProductDependency section */
		0121EF59E7F01CA8E2FD29BB /* FCPCaptionCore */ = {
			isa = XCSwiftPackageProductDependency;
			package = D53DA720E4941D89E13EB5FE /* XCLocalSwiftPackageReference "FCPCaptionCore" */;
			productName = FCPCaptionCore;
		};
		1F71A28F47546E646A9CA411 /* FCPCaptionUI */ = {
			isa = XCSwiftPackageProductDependency;
			package = D53DA720E4941D89E13EB5FE /* XCLocalSwiftPackageReference "FCPCaptionCore" */;
			productName = FCPCaptionUI;
		};
		4C310AB5310C050E2C22E697 /* FCPCaptionUI */ = {
			isa = XCSwiftPackageProductDependency;
			package = D53DA720E4941D89E13EB5FE /* XCLocalSwiftPackageReference "FCPCaptionCore" */;
			productName = FCPCaptionUI;
		};
		F451823748E4FDB7BC821F9B /* FCPCaptionCore */ = {
			isa = XCSwiftPackageProductDependency;
			package = D53DA720E4941D89E13EB5FE /* XCLocalSwiftPackageReference "FCPCaptionCore" */;
			productName = FCPCaptionCore;
		};
/* End XCSwiftPackageProductDependency section */
	};
	rootObject = DB8E26D69EF399659B20CE85 /* Project object */;
}
