// !$*UTF8*$!
{
	archiveVersion = 1;
	classes = {
	};
	objectVersion = 46;
	objects = {

/* Begin PBXBuildFile section */
		02451E442CD34691E364473E /* FCPCaptionUI in Frameworks */ = {isa = PBXBuildFile; productRef = B8BCC5987B9F8EC105FB6BFD /* FCPCaptionUI */; };
		2B4D15FD4C054785FCD10C07 /* FCPCaptionCore in Frameworks */ = {isa = PBXBuildFile; productRef = 02B45A405F9FCAD892BEB1CD /* FCPCaptionCore */; };
		37474115E12111D10915AB47 /* CaptionDropView.swift in Sources */ = {isa = PBXBuildFile; fileRef = 2BFA5FCCE35EC0E796EE00D2 /* CaptionDropView.swift */; };
		3FC5B7A018BDD5F8DADBDC28 /* FCPCaptionExtension.appex in Embed Foundation Extensions */ = {isa = PBXBuildFile; fileRef = 43F3FEFD1C447642FF7CEBB1 /* FCPCaptionExtension.appex */; settings = {ATTRIBUTES = (RemoveHeadersOnCopy, ); }; };
		4587442D2BBB8ADFCB34B0D2 /* FCPCaptionUI in Frameworks */ = {isa = PBXBuildFile; productRef = BFEFB39A64B01D3164D698C4 /* FCPCaptionUI */; };
		7B43B3DB8E9E4784F92A6D70 /* FinalCutPro.swift in Sources */ = {isa = PBXBuildFile; fileRef = 04856C1CCC546333D04859A9 /* FinalCutPro.swift */; };
		BE760E820608113D0F0A4DB8 /* FCPCaptionCore in Frameworks */ = {isa = PBXBuildFile; productRef = DD40FF621E6950737C449C5E /* FCPCaptionCore */; };
		CB4427189D77372FB43367BA /* FCPCaptionExtensionViewController.swift in Sources */ = {isa = PBXBuildFile; fileRef = 5EFF47D66CDCCB73D854E72A /* FCPCaptionExtensionViewController.swift */; };
		DB4E0536837BB5E2C43C7A8D /* Cocoa.framework in Frameworks */ = {isa = PBXBuildFile; fileRef = 7FE095BBA4201A90319DF70A /* Cocoa.framework */; };
		E1323A576D191BCB85648175 /* FCPCaptionApp.swift in Sources */ = {isa = PBXBuildFile; fileRef = 1B3F3C588003CBB6F4B4FBCE /* FCPCaptionApp.swift */; };
		E321CFEA21956B85CC2956F4 /* Cocoa.framework in Frameworks */ = {isa = PBXBuildFile; fileRef = 7FE095BBA4201A90319DF70A /* Cocoa.framework */; };
/* End PBXBuildFile section */

/* Begin PBXContainerItemProxy section */
		E153306B8FEF010DC3A95BB8 /* PBXContainerItemProxy */ = {
			isa = PBXContainerItemProxy;
			containerPortal = 94C7D67C4A729D3E1B173A79 /* Project object */;
			proxyType = 1;
			remoteGlobalIDString = 34D37363E2653CF73F030E97;
			remoteInfo = FCPCaptionExtension;
		};
/* End PBXContainerItemProxy section */

/* Begin PBXCopyFilesBuildPhase section */
		A6559B107CD1CA2DE5E1C869 /* Embed Foundation Extensions */ = {
			isa = PBXCopyFilesBuildPhase;
			buildActionMask = 2147483647;
			dstPath = "";
			dstSubfolderSpec = 13;
			files = (
				3FC5B7A018BDD5F8DADBDC28 /* FCPCaptionExtension.appex in Embed Foundation Extensions */,
			);
			name = "Embed Foundation Extensions";
			runOnlyForDeploymentPostprocessing = 0;
		};
/* End PBXCopyFilesBuildPhase section */

/* Begin PBXFileReference section */
		04856C1CCC546333D04859A9 /* FinalCutPro.swift */ = {isa = PBXFileReference; includeInIndex = 1; lastKnownFileType = sourcecode.swift; path = FinalCutPro.swift; sourceTree = "<group>"; };
		1B3F3C588003CBB6F4B4FBCE /* FCPCaptionApp.swift */ = {isa = PBXFileReference; includeInIndex = 1; lastKnownFileType = sourcecode.swift; path = FCPCaptionApp.swift; sourceTree = "<group>"; };
		2BFA5FCCE35EC0E796EE00D2 /* CaptionDropView.swift */ = {isa = PBXFileReference; includeInIndex = 1; lastKnownFileType = sourcecode.swift; path = CaptionDropView.swift; sourceTree = "<group>"; };
		43F3FEFD1C447642FF7CEBB1 /* FCPCaptionExtension.appex */ = {isa = PBXFileReference; explicitFileType = "wrapper.app-extension"; includeInIndex = 0; path = FCPCaptionExtension.appex; sourceTree = BUILT_PRODUCTS_DIR; };
		5EFF47D66CDCCB73D854E72A /* FCPCaptionExtensionViewController.swift */ = {isa = PBXFileReference; includeInIndex = 1; lastKnownFileType = sourcecode.swift; path = FCPCaptionExtensionViewController.swift; sourceTree = "<group>"; };
		7017921FACE8941FBDA6FFB5 /* FCPCaption.app */ = {isa = PBXFileReference; explicitFileType = wrapper.application; includeInIndex = 0; path = FCPCaption.app; sourceTree = BUILT_PRODUCTS_DIR; };
		7FE095BBA4201A90319DF70A /* Cocoa.framework */ = {isa = PBXFileReference; lastKnownFileType = wrapper.framework; name = Cocoa.framework; path = Platforms/MacOSX.platform/Developer/SDKs/MacOSX15.0.sdk/System/Library/Frameworks/Cocoa.framework; sourceTree = DEVELOPER_DIR; };
/* End PBXFileReference section */

/* Begin PBXFrameworksBuildPhase section */
		034782BB86A14B34B79602EA /* Frameworks */ = {
			isa = PBXFrameworksBuildPhase;
			buildActionMask = 2147483647;
			files = (
				E321CFEA21956B85CC2956F4 /* Cocoa.framework in Frameworks */,
				BE760E820608113D0F0A4DB8 /* FCPCaptionCore in Frameworks */,
				4587442D2BBB8ADFCB34B0D2 /* FCPCaptionUI in Frameworks */,
			);
			runOnlyForDeploymentPostprocessing = 0;
		};
		9FFAD25FD6E8A3C515893633 /* Frameworks */ = {
			isa = PBXFrameworksBuildPhase;
			buildActionMask = 2147483647;
			files = (
				DB4E0536837BB5E2C43C7A8D /* Cocoa.framework in Frameworks */,
				2B4D15FD4C054785FCD10C07 /* FCPCaptionCore in Frameworks */,
				02451E442CD34691E364473E /* FCPCaptionUI in Frameworks */,
			);
			runOnlyForDeploymentPostprocessing = 0;
		};
/* End PBXFrameworksBuildPhase section */

/* Begin PBXGroup section */
		3E95454F26DADEF7C75AC926 /* FCPCaption */ = {
			isa = PBXGroup;
			children = (
				1B3F3C588003CBB6F4B4FBCE /* FCPCaptionApp.swift */,
			);
			name = FCPCaption;
			path = FCPCaption;
			sourceTree = "<group>";
		};
		772D98C64D2F2A01E8896661 /* FCPCaptionExtension */ = {
			isa = PBXGroup;
			children = (
				5EFF47D66CDCCB73D854E72A /* FCPCaptionExtensionViewController.swift */,
				2BFA5FCCE35EC0E796EE00D2 /* CaptionDropView.swift */,
				04856C1CCC546333D04859A9 /* FinalCutPro.swift */,
			);
			name = FCPCaptionExtension;
			path = FCPCaptionExtension;
			sourceTree = "<group>";
		};
		8733E5FE8E0C04DE3137BA2D /* OS X */ = {
			isa = PBXGroup;
			children = (
				7FE095BBA4201A90319DF70A /* Cocoa.framework */,
			);
			name = "OS X";
			sourceTree = "<group>";
		};
		9F69D7207B989483F967D573 = {
			isa = PBXGroup;
			children = (
				F3F1104FCA4331EC6B942D94 /* Products */,
				F655DD3F8C8A33C5456A13E4 /* Frameworks */,
				3E95454F26DADEF7C75AC926 /* FCPCaption */,
				772D98C64D2F2A01E8896661 /* FCPCaptionExtension */,
			);
			sourceTree = "<group>";
		};
		F3F1104FCA4331EC6B942D94 /* Products */ = {
			isa = PBXGroup;
			children = (
				7017921FACE8941FBDA6FFB5 /* FCPCaption.app */,
				43F3FEFD1C447642FF7CEBB1 /* FCPCaptionExtension.appex */,
			);
			name = Products;
			sourceTree = "<group>";
		};
		F655DD3F8C8A33C5456A13E4 /* Frameworks */ = {
			isa = PBXGroup;
			children = (
				8733E5FE8E0C04DE3137BA2D /* OS X */,
			);
			name = Frameworks;
			sourceTree = "<group>";
		};
/* End PBXGroup section */

/* Begin PBXNativeTarget section */
		34D37363E2653CF73F030E97 /* FCPCaptionExtension */ = {
			isa = PBXNativeTarget;
			buildConfigurationList = 94EF00032AAF92AD61E1B86B /* Build configuration list for PBXNativeTarget "FCPCaptionExtension" */;
			buildPhases = (
				4F8B48EFDE3A3415F72BB849 /* Sources */,
				9FFAD25FD6E8A3C515893633 /* Frameworks */,
				FDC5FF2CA9DDAAC4307D2AB6 /* Resources */,
			);
			buildRules = (
			);
			dependencies = (
			);
			name = FCPCaptionExtension;
			packageProductDependencies = (
				02B45A405F9FCAD892BEB1CD /* FCPCaptionCore */,
				B8BCC5987B9F8EC105FB6BFD /* FCPCaptionUI */,
			);
			productName = FCPCaptionExtension;
			productReference = 43F3FEFD1C447642FF7CEBB1 /* FCPCaptionExtension.appex */;
			productType = "com.apple.product-type.app-extension";
		};
		FD457E02663451CF496C5E93 /* FCPCaption */ = {
			isa = PBXNativeTarget;
			buildConfigurationList = AD9739119DEBA49EA6156759 /* Build configuration list for PBXNativeTarget "FCPCaption" */;
			buildPhases = (
				E5641EEC8D0336EDB926C6D0 /* Sources */,
				034782BB86A14B34B79602EA /* Frameworks */,
				AECC34A965AEA253DEBCDD28 /* Resources */,
				A6559B107CD1CA2DE5E1C869 /* Embed Foundation Extensions */,
			);
			buildRules = (
			);
			dependencies = (
				AE0EB642F92B5382CE233034 /* PBXTargetDependency */,
			);
			name = FCPCaption;
			packageProductDependencies = (
				DD40FF621E6950737C449C5E /* FCPCaptionCore */,
				BFEFB39A64B01D3164D698C4 /* FCPCaptionUI */,
			);
			productName = FCPCaption;
			productReference = 7017921FACE8941FBDA6FFB5 /* FCPCaption.app */;
			productType = "com.apple.product-type.application";
		};
/* End PBXNativeTarget section */

/* Begin PBXProject section */
		94C7D67C4A729D3E1B173A79 /* Project object */ = {
			isa = PBXProject;
			attributes = {
				LastSwiftUpdateCheck = 1600;
				LastUpgradeCheck = 1600;
			};
			buildConfigurationList = 032A58C94334C5C6B4523B91 /* Build configuration list for PBXProject "FCPCaption" */;
			compatibilityVersion = "Xcode 3.2";
			developmentRegion = en;
			hasScannedForEncodings = 0;
			knownRegions = (
				en,
				Base,
			);
			mainGroup = 9F69D7207B989483F967D573;
			minimizedProjectReferenceProxies = 0;
			packageReferences = (
				C473164B626C8A1C1E3449E2 /* XCLocalSwiftPackageReference "FCPCaptionCore" */,
			);
			preferredProjectObjectVersion = 77;
			productRefGroup = F3F1104FCA4331EC6B942D94 /* Products */;
			projectDirPath = "";
			projectRoot = "";
			targets = (
				FD457E02663451CF496C5E93 /* FCPCaption */,
				34D37363E2653CF73F030E97 /* FCPCaptionExtension */,
			);
		};
/* End PBXProject section */

/* Begin PBXResourcesBuildPhase section */
		AECC34A965AEA253DEBCDD28 /* Resources */ = {
			isa = PBXResourcesBuildPhase;
			buildActionMask = 2147483647;
			files = (
			);
			runOnlyForDeploymentPostprocessing = 0;
		};
		FDC5FF2CA9DDAAC4307D2AB6 /* Resources */ = {
			isa = PBXResourcesBuildPhase;
			buildActionMask = 2147483647;
			files = (
			);
			runOnlyForDeploymentPostprocessing = 0;
		};
/* End PBXResourcesBuildPhase section */

/* Begin PBXSourcesBuildPhase section */
		4F8B48EFDE3A3415F72BB849 /* Sources */ = {
			isa = PBXSourcesBuildPhase;
			buildActionMask = 2147483647;
			files = (
				CB4427189D77372FB43367BA /* FCPCaptionExtensionViewController.swift in Sources */,
				37474115E12111D10915AB47 /* CaptionDropView.swift in Sources */,
				7B43B3DB8E9E4784F92A6D70 /* FinalCutPro.swift in Sources */,
			);
			runOnlyForDeploymentPostprocessing = 0;
		};
		E5641EEC8D0336EDB926C6D0 /* Sources */ = {
			isa = PBXSourcesBuildPhase;
			buildActionMask = 2147483647;
			files = (
				E1323A576D191BCB85648175 /* FCPCaptionApp.swift in Sources */,
			);
			runOnlyForDeploymentPostprocessing = 0;
		};
/* End PBXSourcesBuildPhase section */

/* Begin PBXTargetDependency section */
		AE0EB642F92B5382CE233034 /* PBXTargetDependency */ = {
			isa = PBXTargetDependency;
			name = FCPCaptionExtension;
			target = 34D37363E2653CF73F030E97 /* FCPCaptionExtension */;
			targetProxy = E153306B8FEF010DC3A95BB8 /* PBXContainerItemProxy */;
		};
/* End PBXTargetDependency section */

/* Begin XCBuildConfiguration section */
		08EE2DD84B00F88C8A04BDE5 /* Debug */ = {
			isa = XCBuildConfiguration;
			buildSettings = {
				ALWAYS_SEARCH_USER_PATHS = NO;
				ARCHS = arm64;
				CLANG_ANALYZER_NONNULL = YES;
				CLANG_ANALYZER_NUMBER_OBJECT_CONVERSION = YES_AGGRESSIVE;
				CLANG_CXX_LANGUAGE_STANDARD = "gnu++14";
				CLANG_CXX_LIBRARY = "libc++";
				CLANG_ENABLE_MODULES = YES;
				CLANG_ENABLE_OBJC_ARC = YES;
				CLANG_ENABLE_OBJC_WEAK = YES;
				CLANG_WARN_BLOCK_CAPTURE_AUTORELEASING = YES;
				CLANG_WARN_BOOL_CONVERSION = YES;
				CLANG_WARN_COMMA = YES;
				CLANG_WARN_CONSTANT_CONVERSION = YES;
				CLANG_WARN_DEPRECATED_OBJC_IMPLEMENTATIONS = YES;
				CLANG_WARN_DIRECT_OBJC_ISA_USAGE = YES_ERROR;
				CLANG_WARN_DOCUMENTATION_COMMENTS = YES;
				CLANG_WARN_EMPTY_BODY = YES;
				CLANG_WARN_ENUM_CONVERSION = YES;
				CLANG_WARN_INFINITE_RECURSION = YES;
				CLANG_WARN_INT_CONVERSION = YES;
				CLANG_WARN_NON_LITERAL_NULL_CONVERSION = YES;
				CLANG_WARN_OBJC_IMPLICIT_RETAIN_SELF = YES;
				CLANG_WARN_OBJC_LITERAL_CONVERSION = YES;
				CLANG_WARN_OBJC_ROOT_CLASS = YES_ERROR;
				CLANG_WARN_QUOTED_INCLUDE_IN_FRAMEWORK_HEADER = YES;
				CLANG_WARN_RANGE_LOOP_ANALYSIS = YES;
				CLANG_WARN_STRICT_PROTOTYPES = YES;
				CLANG_WARN_SUSPICIOUS_MOVE = YES;
				CLANG_WARN_UNGUARDED_AVAILABILITY = YES_AGGRESSIVE;
				CLANG_WARN_UNREACHABLE_CODE = YES;
				CLANG_WARN__DUPLICATE_METHOD_MATCH = YES;
				CODE_SIGN_IDENTITY = "-";
				CODE_SIGN_STYLE = Manual;
				COPY_PHASE_STRIP = NO;
				DEBUG_INFORMATION_FORMAT = dwarf;
				DEVELOPMENT_TEAM = "";
				ENABLE_HARDENED_RUNTIME = YES;
				ENABLE_STRICT_OBJC_MSGSEND = YES;
				ENABLE_TESTABILITY = YES;
				EXCLUDED_ARCHS = x86_64;
				GCC_C_LANGUAGE_STANDARD = gnu11;
				GCC_DYNAMIC_NO_PIC = NO;
				GCC_NO_COMMON_BLOCKS = YES;
				GCC_OPTIMIZATION_LEVEL = 0;
				GCC_PREPROCESSOR_DEFINITIONS = (
					"DEBUG=1",
					"$(inherited)",
				);
				GCC_WARN_64_TO_32_BIT_CONVERSION = YES;
				GCC_WARN_ABOUT_RETURN_TYPE = YES_ERROR;
				GCC_WARN_UNDECLARED_SELECTOR = YES;
				GCC_WARN_UNINITIALIZED_AUTOS = YES_AGGRESSIVE;
				GCC_WARN_UNUSED_FUNCTION = YES;
				GCC_WARN_UNUSED_VARIABLE = YES;
				MACOSX_DEPLOYMENT_TARGET = 15.0;
				MTL_ENABLE_DEBUG_INFO = INCLUDE_SOURCE;
				MTL_FAST_MATH = YES;
				ONLY_ACTIVE_ARCH = YES;
				PRODUCT_NAME = "$(TARGET_NAME)";
				PROVISIONING_PROFILE_SPECIFIER = "";
				SDKROOT = macosx;
				SWIFT_ACTIVE_COMPILATION_CONDITIONS = DEBUG;
				SWIFT_EMIT_LOC_STRINGS = YES;
				SWIFT_OPTIMIZATION_LEVEL = "-Onone";
				SWIFT_VERSION = 6.0;
			};
			name = Debug;
		};
		45C911A8213E2B090458305C /* Release */ = {
			isa = XCBuildConfiguration;
			buildSettings = {
				ADDITIONAL_SDKS = /Library/Developer/SDKs/WorkflowExtensionSDK.sdk;
				CODE_SIGN_ENTITLEMENTS = FCPCaptionExtension/FCPCaptionExtension.entitlements;
				COMBINE_HIDPI_IMAGES = YES;
				CURRENT_PROJECT_VERSION = 1;
				ENABLE_DEBUG_DYLIB = NO;
				FRAMEWORK_SEARCH_PATHS = (
					/Library/Frameworks,
					"$(inherited)",
				);
				HEADER_SEARCH_PATHS = (
					/usr/include,
					"$(inherited)",
				);
				INFOPLIST_FILE = FCPCaptionExtension/Info.plist;
				LD_ENTRY_POINT = _ProExtensionMain;
				LD_RUNPATH_SEARCH_PATHS = "$(inherited) @executable_path/../Frameworks @executable_path/../../../../Frameworks";
				LIBRARY_SEARCH_PATHS = (
					/usr/lib,
					"$(inherited)",
				);
				MACH_O_TYPE = mh_execute;
				MACOSX_DEPLOYMENT_TARGET = 15.0;
				MARKETING_VERSION = 0.1.0;
				OTHER_LDFLAGS = (
					"-fapplication-extension",
					"-lProExtension",
				);
				PRODUCT_BUNDLE_IDENTIFIER = com.jkh911208.FCPCaption.Extension;
				PRODUCT_NAME = FCPCaptionExtension;
				SDKROOT = macosx;
				SWIFT_OBJC_BRIDGING_HEADER = "FCPCaptionExtension/FCPCaptionExtension-Bridging-Header.h";
				SWIFT_VERSION = 5.0;
				WRAPPER_EXTENSION = appex;
			};
			name = Release;
		};
		6B2310B7900ED18E6B4D2A10 /* Release */ = {
			isa = XCBuildConfiguration;
			buildSettings = {
				ASSETCATALOG_COMPILER_APPICON_NAME = AppIcon;
				ASSETCATALOG_COMPILER_GLOBAL_ACCENT_COLOR_NAME = AccentColor;
				CODE_SIGN_ENTITLEMENTS = FCPCaption/FCPCaption.entitlements;
				COMBINE_HIDPI_IMAGES = YES;
				CURRENT_PROJECT_VERSION = 1;
				ENABLE_APP_SANDBOX = YES;
				INFOPLIST_FILE = FCPCaption/Info.plist;
				LD_RUNPATH_SEARCH_PATHS = "$(inherited) @executable_path/../Frameworks";
				MACOSX_DEPLOYMENT_TARGET = 15.0;
				MARKETING_VERSION = 0.1.0;
				PRODUCT_BUNDLE_IDENTIFIER = com.jkh911208.FCPCaption;
				PRODUCT_NAME = FCPCaption;
				SDKROOT = macosx;
			};
			name = Release;
		};
		7C52E4FB48DC2F006AFD6330 /* Debug */ = {
			isa = XCBuildConfiguration;
			buildSettings = {
				ASSETCATALOG_COMPILER_APPICON_NAME = AppIcon;
				ASSETCATALOG_COMPILER_GLOBAL_ACCENT_COLOR_NAME = AccentColor;
				CODE_SIGN_ENTITLEMENTS = FCPCaption/FCPCaption.entitlements;
				COMBINE_HIDPI_IMAGES = YES;
				CURRENT_PROJECT_VERSION = 1;
				ENABLE_APP_SANDBOX = YES;
				INFOPLIST_FILE = FCPCaption/Info.plist;
				LD_RUNPATH_SEARCH_PATHS = "$(inherited) @executable_path/../Frameworks";
				MACOSX_DEPLOYMENT_TARGET = 15.0;
				MARKETING_VERSION = 0.1.0;
				PRODUCT_BUNDLE_IDENTIFIER = com.jkh911208.FCPCaption;
				PRODUCT_NAME = FCPCaption;
				SDKROOT = macosx;
			};
			name = Debug;
		};
		9A5079752E77B216B0651FC3 /* Debug */ = {
			isa = XCBuildConfiguration;
			buildSettings = {
				ADDITIONAL_SDKS = /Library/Developer/SDKs/WorkflowExtensionSDK.sdk;
				CODE_SIGN_ENTITLEMENTS = FCPCaptionExtension/FCPCaptionExtension.entitlements;
				COMBINE_HIDPI_IMAGES = YES;
				CURRENT_PROJECT_VERSION = 1;
				ENABLE_DEBUG_DYLIB = NO;
				FRAMEWORK_SEARCH_PATHS = (
					/Library/Frameworks,
					"$(inherited)",
				);
				HEADER_SEARCH_PATHS = (
					/usr/include,
					"$(inherited)",
				);
				INFOPLIST_FILE = FCPCaptionExtension/Info.plist;
				LD_ENTRY_POINT = _ProExtensionMain;
				LD_RUNPATH_SEARCH_PATHS = "$(inherited) @executable_path/../Frameworks @executable_path/../../../../Frameworks";
				LIBRARY_SEARCH_PATHS = (
					/usr/lib,
					"$(inherited)",
				);
				MACH_O_TYPE = mh_execute;
				MACOSX_DEPLOYMENT_TARGET = 15.0;
				MARKETING_VERSION = 0.1.0;
				OTHER_LDFLAGS = (
					"-fapplication-extension",
					"-lProExtension",
				);
				PRODUCT_BUNDLE_IDENTIFIER = com.jkh911208.FCPCaption.Extension;
				PRODUCT_NAME = FCPCaptionExtension;
				SDKROOT = macosx;
				SWIFT_OBJC_BRIDGING_HEADER = "FCPCaptionExtension/FCPCaptionExtension-Bridging-Header.h";
				SWIFT_VERSION = 5.0;
				WRAPPER_EXTENSION = appex;
			};
			name = Debug;
		};
		D7032B31A0AEF5BAB153506D /* Release */ = {
			isa = XCBuildConfiguration;
			buildSettings = {
				ALWAYS_SEARCH_USER_PATHS = NO;
				ARCHS = arm64;
				CLANG_ANALYZER_NONNULL = YES;
				CLANG_ANALYZER_NUMBER_OBJECT_CONVERSION = YES_AGGRESSIVE;
				CLANG_CXX_LANGUAGE_STANDARD = "gnu++14";
				CLANG_CXX_LIBRARY = "libc++";
				CLANG_ENABLE_MODULES = YES;
				CLANG_ENABLE_OBJC_ARC = YES;
				CLANG_ENABLE_OBJC_WEAK = YES;
				CLANG_WARN_BLOCK_CAPTURE_AUTORELEASING = YES;
				CLANG_WARN_BOOL_CONVERSION = YES;
				CLANG_WARN_COMMA = YES;
				CLANG_WARN_CONSTANT_CONVERSION = YES;
				CLANG_WARN_DEPRECATED_OBJC_IMPLEMENTATIONS = YES;
				CLANG_WARN_DIRECT_OBJC_ISA_USAGE = YES_ERROR;
				CLANG_WARN_DOCUMENTATION_COMMENTS = YES;
				CLANG_WARN_EMPTY_BODY = YES;
				CLANG_WARN_ENUM_CONVERSION = YES;
				CLANG_WARN_INFINITE_RECURSION = YES;
				CLANG_WARN_INT_CONVERSION = YES;
				CLANG_WARN_NON_LITERAL_NULL_CONVERSION = YES;
				CLANG_WARN_OBJC_IMPLICIT_RETAIN_SELF = YES;
				CLANG_WARN_OBJC_LITERAL_CONVERSION = YES;
				CLANG_WARN_OBJC_ROOT_CLASS = YES_ERROR;
				CLANG_WARN_QUOTED_INCLUDE_IN_FRAMEWORK_HEADER = YES;
				CLANG_WARN_RANGE_LOOP_ANALYSIS = YES;
				CLANG_WARN_STRICT_PROTOTYPES = YES;
				CLANG_WARN_SUSPICIOUS_MOVE = YES;
				CLANG_WARN_UNGUARDED_AVAILABILITY = YES_AGGRESSIVE;
				CLANG_WARN_UNREACHABLE_CODE = YES;
				CLANG_WARN__DUPLICATE_METHOD_MATCH = YES;
				CODE_SIGN_IDENTITY = "-";
				CODE_SIGN_STYLE = Manual;
				COPY_PHASE_STRIP = NO;
				DEBUG_INFORMATION_FORMAT = "dwarf-with-dsym";
				DEVELOPMENT_TEAM = "";
				ENABLE_HARDENED_RUNTIME = YES;
				ENABLE_NS_ASSERTIONS = NO;
				ENABLE_STRICT_OBJC_MSGSEND = YES;
				EXCLUDED_ARCHS = x86_64;
				GCC_C_LANGUAGE_STANDARD = gnu11;
				GCC_NO_COMMON_BLOCKS = YES;
				GCC_WARN_64_TO_32_BIT_CONVERSION = YES;
				GCC_WARN_ABOUT_RETURN_TYPE = YES_ERROR;
				GCC_WARN_UNDECLARED_SELECTOR = YES;
				GCC_WARN_UNINITIALIZED_AUTOS = YES_AGGRESSIVE;
				GCC_WARN_UNUSED_FUNCTION = YES;
				GCC_WARN_UNUSED_VARIABLE = YES;
				MACOSX_DEPLOYMENT_TARGET = 15.0;
				MTL_ENABLE_DEBUG_INFO = NO;
				MTL_FAST_MATH = YES;
				ONLY_ACTIVE_ARCH = NO;
				PRODUCT_NAME = "$(TARGET_NAME)";
				PROVISIONING_PROFILE_SPECIFIER = "";
				SDKROOT = macosx;
				SWIFT_COMPILATION_MODE = wholemodule;
				SWIFT_EMIT_LOC_STRINGS = YES;
				SWIFT_OPTIMIZATION_LEVEL = "-O";
				SWIFT_VERSION = 6.0;
			};
			name = Release;
		};
/* End XCBuildConfiguration section */

/* Begin XCConfigurationList section */
		032A58C94334C5C6B4523B91 /* Build configuration list for PBXProject "FCPCaption" */ = {
			isa = XCConfigurationList;
			buildConfigurations = (
				08EE2DD84B00F88C8A04BDE5 /* Debug */,
				D7032B31A0AEF5BAB153506D /* Release */,
			);
			defaultConfigurationIsVisible = 0;
			defaultConfigurationName = Release;
		};
		94EF00032AAF92AD61E1B86B /* Build configuration list for PBXNativeTarget "FCPCaptionExtension" */ = {
			isa = XCConfigurationList;
			buildConfigurations = (
				45C911A8213E2B090458305C /* Release */,
				9A5079752E77B216B0651FC3 /* Debug */,
			);
			defaultConfigurationIsVisible = 0;
			defaultConfigurationName = Release;
		};
		AD9739119DEBA49EA6156759 /* Build configuration list for PBXNativeTarget "FCPCaption" */ = {
			isa = XCConfigurationList;
			buildConfigurations = (
				6B2310B7900ED18E6B4D2A10 /* Release */,
				7C52E4FB48DC2F006AFD6330 /* Debug */,
			);
			defaultConfigurationIsVisible = 0;
			defaultConfigurationName = Release;
		};
/* End XCConfigurationList section */

/* Begin XCLocalSwiftPackageReference section */
		C473164B626C8A1C1E3449E2 /* XCLocalSwiftPackageReference "FCPCaptionCore" */ = {
			isa = XCLocalSwiftPackageReference;
			relativePath = FCPCaptionCore;
		};
/* End XCLocalSwiftPackageReference section */

/* Begin XCSwiftPackageProductDependency section */
		02B45A405F9FCAD892BEB1CD /* FCPCaptionCore */ = {
			isa = XCSwiftPackageProductDependency;
			package = C473164B626C8A1C1E3449E2 /* XCLocalSwiftPackageReference "FCPCaptionCore" */;
			productName = FCPCaptionCore;
		};
		B8BCC5987B9F8EC105FB6BFD /* FCPCaptionUI */ = {
			isa = XCSwiftPackageProductDependency;
			package = C473164B626C8A1C1E3449E2 /* XCLocalSwiftPackageReference "FCPCaptionCore" */;
			productName = FCPCaptionUI;
		};
		BFEFB39A64B01D3164D698C4 /* FCPCaptionUI */ = {
			isa = XCSwiftPackageProductDependency;
			package = C473164B626C8A1C1E3449E2 /* XCLocalSwiftPackageReference "FCPCaptionCore" */;
			productName = FCPCaptionUI;
		};
		DD40FF621E6950737C449C5E /* FCPCaptionCore */ = {
			isa = XCSwiftPackageProductDependency;
			package = C473164B626C8A1C1E3449E2 /* XCLocalSwiftPackageReference "FCPCaptionCore" */;
			productName = FCPCaptionCore;
		};
/* End XCSwiftPackageProductDependency section */
	};
	rootObject = 94C7D67C4A729D3E1B173A79 /* Project object */;
}
